{
    "_readme": [
        "This file locks the dependencies of your project to a known state",
        "Read more about it at https://getcomposer.org/doc/01-basic-usage.md#installing-dependencies",
        "This file is @generated automatically"
    ],
    "content-hash": "ba9867d926aad1b3c57fe0da4c53c1fb",
    "packages": [
        {
            "name": "nikolaposa/version",
            "version": "3.2.0",
            "source": {
                "type": "git",
                "url": "https://github.com/nikolaposa/version.git",
                "reference": "7ff2bbf2fe6a47efe47832d6198924e99b4a4f5a"
            },
            "dist": {
                "type": "zip",
                "url": "https://api.github.com/repos/nikolaposa/version/zipball/7ff2bbf2fe6a47efe47832d6198924e99b4a4f5a",
                "reference": "7ff2bbf2fe6a47efe47832d6198924e99b4a4f5a",
                "shasum": ""
            },
            "require": {
                "php": "^7.2.0"
            },
            "require-dev": {
                "friendsofphp/php-cs-fixer": "^2.0",
                "phpunit/phpunit": "^6.0 || ^7.0"
            },
            "type": "library",
            "extra": {
                "branch-alias": {
                    "dev-master": "3.2.x-dev"
                }
            },
            "autoload": {
                "psr-4": {
                    "Version\\": "src/"
                }
            },
            "notification-url": "https://packagist.org/downloads/",
            "license": [
                "MIT"
            ],
            "authors": [
                {
                    "name": "Nikola Poša",
                    "email": "posa.nikola@gmail.com",
                    "homepage": "https://www.nikolaposa.in.rs"
                }
            ],
            "description": "Value Object that represents a SemVer-compliant version number.",
            "homepage": "https://github.com/nikolaposa/version",
            "keywords": [
                "semantic",
                "semver",
                "version",
                "versioning"
            ],
            "time": "2019-08-11T08:31:54+00:00"
        }
    ],
    "packages-dev": [],
    "aliases": [],
    "minimum-stability": "stable",
    "stability-flags": [],
    "prefer-stable": false,
    "prefer-lowest": false,
    "platform": {
        "php": "^7.3"
    },
    "platform-dev": []
}
